# @generated - this file is auto-generated by `mise lock` https://mise.jdx.dev/dev-tools/mise-lock.html

[[tools.cocogitto]]
version = "7.0.0"
backend = "aqua:cocogitto/cocogitto"

[tools.cocogitto."platforms.linux-arm64"]
checksum = "sha256:379949f50c4f8245ef9532913e83f351c048b55e40ebd52ed8a850642c07a753"
url = "https://github.com/cocogitto/cocogitto/releases/download/7.0.0/cocogitto-7.0.0-aarch64-unknown-linux-gnu.tar.gz"

[tools.cocogitto."platforms.linux-arm64-musl"]
checksum = "sha256:379949f50c4f8245ef9532913e83f351c048b55e40ebd52ed8a850642c07a753"
url = "https://github.com/cocogitto/cocogitto/releases/download/7.0.0/cocogitto-7.0.0-aarch64-unknown-linux-gnu.tar.gz"

[tools.cocogitto."platforms.linux-x64"]
checksum = "sha256:e03938ff2c4c86d71c00c0f3284dbbe95c5ca76fe34a51f33e945c23010d59bb"
url = "https://github.com/cocogitto/cocogitto/releases/download/7.0.0/cocogitto-7.0.0-x86_64-unknown-linux-musl.tar.gz"

[tools.cocogitto."platforms.linux-x64-musl"]
checksum = "sha256:e03938ff2c4c86d71c00c0f3284dbbe95c5ca76fe34a51f33e945c23010d59bb"
url = "https://github.com/cocogitto/cocogitto/releases/download/7.0.0/cocogitto-7.0.0-x86_64-unknown-linux-musl.tar.gz"

[tools.cocogitto."platforms.macos-arm64"]
checksum = "sha256:429303b6d68c6461aa221ab4de82b26d0bbcdee7127947ea9c7c411ab9bc574c"
url = "https://github.com/cocogitto/cocogitto/releases/download/7.0.0/cocogitto-7.0.0-aarch64-apple-darwin.tar.gz"

[tools.cocogitto."platforms.macos-x64"]
checksum = "sha256:591dcd462e2e35ecc21caf41a15a65d464b7ce1ce8a5c299fa0d46a7798dddb0"
url = "https://github.com/cocogitto/cocogitto/releases/download/7.0.0/cocogitto-7.0.0-x86_64-apple-darwin.tar.gz"

[tools.cocogitto."platforms.windows-x64"]
checksum = "sha256:074f68f05d270da5c0d69d3e234ec362bec4c6e3189c21d1c948d038603655d7"
url = "https://github.com/cocogitto/cocogitto/releases/download/7.0.0/cocogitto-7.0.0-x86_64-pc-windows-msvc.tar.gz"

[[tools.gitleaks]]
version = "8.30.1"
backend = "aqua:gitleaks/gitleaks"

[tools.gitleaks."platforms.linux-arm64"]
checksum = "sha256:e4a487ee7ccd7d3a7f7ec08657610aa3606637dab924210b3aee62570fb4b080"
url = "https://github.com/gitleaks/gitleaks/releases/download/v8.30.1/gitleaks_8.30.1_linux_arm64.tar.gz"

[tools.gitleaks."platforms.linux-arm64-musl"]
checksum = "sha256:e4a487ee7ccd7d3a7f7ec08657610aa3606637dab924210b3aee62570fb4b080"
url = "https://github.com/gitleaks/gitleaks/releases/download/v8.30.1/gitleaks_8.30.1_linux_arm64.tar.gz"

[tools.gitleaks."platforms.linux-x64"]
checksum = "sha256:551f6fc83ea457d62a0d98237cbad105af8d557003051f41f3e7ca7b3f2470eb"
url = "https://github.com/gitleaks/gitleaks/releases/download/v8.30.1/gitleaks_8.30.1_linux_x64.tar.gz"

[tools.gitleaks."platforms.linux-x64-musl"]
checksum = "sha256:551f6fc83ea457d62a0d98237cbad105af8d557003051f41f3e7ca7b3f2470eb"
url = "https://github.com/gitleaks/gitleaks/releases/download/v8.30.1/gitleaks_8.30.1_linux_x64.tar.gz"

[tools.gitleaks."platforms.macos-arm64"]
checksum = "sha256:b40ab0ae55c505963e365f271a8d3846efbc170aa17f2607f13df610a9aeb6a5"
url = "https://github.com/gitleaks/gitleaks/releases/download/v8.30.1/gitleaks_8.30.1_darwin_arm64.tar.gz"

[tools.gitleaks."platforms.macos-x64"]
checksum = "sha256:dfe101a4db2255fc85120ac7f3d25e4342c3c20cf749f2c20a18081af1952709"
url = "https://github.com/gitleaks/gitleaks/releases/download/v8.30.1/gitleaks_8.30.1_darwin_x64.tar.gz"

[tools.gitleaks."platforms.windows-x64"]
checksum = "sha256:d29144deff3a68aa93ced33dddf84b7fdc26070add4aa0f4513094c8332afc4e"
url = "https://github.com/gitleaks/gitleaks/releases/download/v8.30.1/gitleaks_8.30.1_windows_x64.zip"

[[tools.node]]
version = "25.9.0"
backend = "core:node"

[tools.node."platforms.linux-arm64"]
checksum = "sha256:8fb4283301b8c720fc9f18bffff0f659e72cc14d0cf207a3bb411808aaa73a57"
url = "https://nodejs.org/dist/v25.9.0/node-v25.9.0-linux-arm64.tar.gz"

[tools.node."platforms.linux-arm64-musl"]
checksum = "sha256:8fb4283301b8c720fc9f18bffff0f659e72cc14d0cf207a3bb411808aaa73a57"
url = "https://nodejs.org/dist/v25.9.0/node-v25.9.0-linux-arm64.tar.gz"

[tools.node."platforms.linux-x64"]
checksum = "sha256:134e55b2408448a219760fe04dc44d6851f9de8a79549021ffd870e9082d9e7b"
url = "https://nodejs.org/dist/v25.9.0/node-v25.9.0-linux-x64.tar.gz"

[tools.node."platforms.linux-x64-musl"]
checksum = "sha256:134e55b2408448a219760fe04dc44d6851f9de8a79549021ffd870e9082d9e7b"
url = "https://nodejs.org/dist/v25.9.0/node-v25.9.0-linux-x64.tar.gz"

[tools.node."platforms.macos-arm64"]
checksum = "sha256:e479f3c469d3d9303a44f00a8ea37a3788395d171bb8059c48a4bbbd2e371b59"
url = "https://nodejs.org/dist/v25.9.0/node-v25.9.0-darwin-arm64.tar.gz"

[tools.node."platforms.macos-x64"]
checksum = "sha256:7d737b53ce191142bfa1c17cfa5b070d96e84eebf76b8dd06d84981cbdc3f7e3"
url = "https://nodejs.org/dist/v25.9.0/node-v25.9.0-darwin-x64.tar.gz"

[tools.node."platforms.windows-x64"]
checksum = "sha256:929552b8305effac843ba7b4270c437aefb702fc3fbd73fcd1bffd35d4ac284e"
url = "https://nodejs.org/dist/v25.9.0/node-v25.9.0-win-x64.zip"

[[tools.pnpm]]
version = "10.33.0"
backend = "aqua:pnpm/pnpm"

[tools.pnpm."platforms.linux-arm64"]
checksum = "sha256:06755ad2817548b84317d857d5c8003dc6e9e28416a3ea7467256c49ab400d48"
url = "https://github.com/pnpm/pnpm/releases/download/v10.33.0/pnpm-linux-arm64"

[tools.pnpm."platforms.linux-arm64-musl"]
checksum = "sha256:06755ad2817548b84317d857d5c8003dc6e9e28416a3ea7467256c49ab400d48"
url = "https://github.com/pnpm/pnpm/releases/download/v10.33.0/pnpm-linux-arm64"

[tools.pnpm."platforms.linux-x64"]
checksum = "sha256:8d4e8f7d778e8ac482022e2577011706a872542f6f6f233e795a4d9f978ea8b5"
url = "https://github.com/pnpm/pnpm/releases/download/v10.33.0/pnpm-linux-x64"

[tools.pnpm."platforms.linux-x64-musl"]
checksum = "sha256:8d4e8f7d778e8ac482022e2577011706a872542f6f6f233e795a4d9f978ea8b5"
url = "https://github.com/pnpm/pnpm/releases/download/v10.33.0/pnpm-linux-x64"

[tools.pnpm."platforms.macos-arm64"]
checksum = "sha256:ed8a1f140f4de457b01ebe0be3ae28e9a7e28863315dcd53d22ff1e5a32d63ae"
url = "https://github.com/pnpm/pnpm/releases/download/v10.33.0/pnpm-macos-arm64"

[tools.pnpm."platforms.macos-x64"]
checksum = "sha256:c31e29554b0e3f4e03f4617195c949595e4dca36085922003de4896c3ca4057d"
url = "https://github.com/pnpm/pnpm/releases/download/v10.33.0/pnpm-macos-x64"

[tools.pnpm."platforms.windows-x64"]
checksum = "sha256:afc96009dc39fe23a835d65192049e6a995f342496b175585dc2beda7d42d33f"
url = "https://github.com/pnpm/pnpm/releases/download/v10.33.0/pnpm-win-x64.exe"

[[tools.viteplus]]
version = "0.1.15"
backend = "npm:vite-plus"

[[tools.wrangler]]
version = "4.80.0"
backend = "npm:wrangler"
